
Microsoft Visual Studio Solution File, Format Version 12.00
# Visual Studio Version 17
VisualStudioVersion = 17.9.34607.119
MinimumVisualStudioVersion = 10.0.40219.1
Project("{9A19103F-16F7-4668-BE54-9A1E7A4F7556}") = "Fawkes.Api", "api\Fawkes.Api.csproj", "{B8247C70-AC99-4DC2-8F61-50CBE7C3536B}"
EndProject
Project("{E53339B2-1760-4266-BCC7-CA923CBCF16C}") = "docker-compose", "docker-compose.dcproj", "{F665CDA7-390E-4653-B5C9-BF59527ACE66}"
EndProject
Project("{2150E333-8FDC-42A3-9474-1A3956D46DE8}") = "Solution Items", "Solution Items", "{B3D35CBA-CB49-4320-A2C9-2BCB4CB4AB86}"
	ProjectSection(SolutionItems) = preProject
		Restore\Dockerfile = Restore\Dockerfile
	EndProjectSection
EndProject
Project("{FAE04EC0-301F-11D3-BF4B-00C04F79EFBC}") = "fawkes_restore", "fawkes_restore\fawkes_restore.csproj", "{66F2CEC4-503D-4626-99B8-57586CC1564C}"
EndProject
Global
	GlobalSection(SolutionConfigurationPlatforms) = preSolution
		Debug|Any CPU = Debug|Any CPU
		Release|Any CPU = Release|Any CPU
	EndGlobalSection
	GlobalSection(ProjectConfigurationPlatforms) = postSolution
		{B8247C70-AC99-4DC2-8F61-50CBE7C3536B}.Debug|Any CPU.ActiveCfg = Debug|Any CPU
		{B8247C70-AC99-4DC2-8F61-50CBE7C3536B}.Debug|Any CPU.Build.0 = Debug|Any CPU
		{B8247C70-AC99-4DC2-8F61-50CBE7C3536B}.Release|Any CPU.ActiveCfg = Release|Any CPU
		{B8247C70-AC99-4DC2-8F61-50CBE7C3536B}.Release|Any CPU.Build.0 = Release|Any CPU
		{F665CDA7-390E-4653-B5C9-BF59527ACE66}.Debug|Any CPU.ActiveCfg = Debug|Any CPU
		{F665CDA7-390E-4653-B5C9-BF59527ACE66}.Debug|Any CPU.Build.0 = Debug|Any CPU
		{F665CDA7-390E-4653-B5C9-BF59527ACE66}.Release|Any CPU.ActiveCfg = Release|Any CPU
		{F665CDA7-390E-4653-B5C9-BF59527ACE66}.Release|Any CPU.Build.0 = Release|Any CPU
		{66F2CEC4-503D-4626-99B8-57586CC1564C}.Debug|Any CPU.ActiveCfg = Debug|Any CPU
		{66F2CEC4-503D-4626-99B8-57586CC1564C}.Debug|Any CPU.Build.0 = Debug|Any CPU
		{66F2CEC4-503D-4626-99B8-57586CC1564C}.Release|Any CPU.ActiveCfg = Release|Any CPU
		{66F2CEC4-503D-4626-99B8-57586CC1564C}.Release|Any CPU.Build.0 = Release|Any CPU
	EndGlobalSection
	GlobalSection(SolutionProperties) = preSolution
		HideSolutionNode = FALSE
	EndGlobalSection
	GlobalSection(ExtensibilityGlobals) = postSolution
		SolutionGuid = {9D005596-3F6C-4BF2-9F51-73B1CA9093F4}
	EndGlobalSection
EndGlobal
